
Microsoft Visual Studio Solution File, Format Version 12.00
# Visual Studio Version 17
VisualStudioVersion = 17.8.34330.188
MinimumVisualStudioVersion = 10.0.40219.1
Project("{FAE04EC0-301F-11D3-BF4B-00C04F79EFBC}") = "Registration.Domein", "Registration.Domein\Registration.Domein.csproj", "{D103EF88-DA76-449F-B02C-E89E1EDA6F28}"
EndProject
Project("{FAE04EC0-301F-11D3-BF4B-00C04F79EFBC}") = "Registration.Infrastructure", "Registration.Infrastructure\Registration.Infrastructure.csproj", "{3E92A19B-1E17-4A47-8680-38835089AAD7}"
EndProject
Project("{FAE04EC0-301F-11D3-BF4B-00C04F79EFBC}") = "Registration.Application", "Registration.Application\Registration.Application.csproj", "{13AFCC80-3E7D-473B-BE62-8A78094C8518}"
EndProject
Project("{FAE04EC0-301F-11D3-BF4B-00C04F79EFBC}") = "Registration.API", "Registration.API\Registration.API.csproj", "{B449615A-C78E-48F6-AB6F-35CE73543098}"
EndProject
Global
	GlobalSection(SolutionConfigurationPlatforms) = preSolution
		Debug|Any CPU = Debug|Any CPU
		Release|Any CPU = Release|Any CPU
	EndGlobalSection
	GlobalSection(ProjectConfigurationPlatforms) = postSolution
		{D103EF88-DA76-449F-B02C-E89E1EDA6F28}.Debug|Any CPU.ActiveCfg = Debug|Any CPU
		{D103EF88-DA76-449F-B02C-E89E1EDA6F28}.Debug|Any CPU.Build.0 = Debug|Any CPU
		{D103EF88-DA76-449F-B02C-E89E1EDA6F28}.Release|Any CPU.ActiveCfg = Release|Any CPU
		{D103EF88-DA76-449F-B02C-E89E1EDA6F28}.Release|Any CPU.Build.0 = Release|Any CPU
		{3E92A19B-1E17-4A47-8680-38835089AAD7}.Debug|Any CPU.ActiveCfg = Debug|Any CPU
		{3E92A19B-1E17-4A47-8680-38835089AAD7}.Debug|Any CPU.Build.0 = Debug|Any CPU
		{3E92A19B-1E17-4A47-8680-38835089AAD7}.Release|Any CPU.ActiveCfg = Release|Any CPU
		{3E92A19B-1E17-4A47-8680-38835089AAD7}.Release|Any CPU.Build.0 = Release|Any CPU
		{13AFCC80-3E7D-473B-BE62-8A78094C8518}.Debug|Any CPU.ActiveCfg = Debug|Any CPU
		{13AFCC80-3E7D-473B-BE62-8A78094C8518}.Debug|Any CPU.Build.0 = Debug|Any CPU
		{13AFCC80-3E7D-473B-BE62-8A78094C8518}.Release|Any CPU.ActiveCfg = Release|Any CPU
		{13AFCC80-3E7D-473B-BE62-8A78094C8518}.Release|Any CPU.Build.0 = Release|Any CPU
		{B449615A-C78E-48F6-AB6F-35CE73543098}.Debug|Any CPU.ActiveCfg = Debug|Any CPU
		{B449615A-C78E-48F6-AB6F-35CE73543098}.Debug|Any CPU.Build.0 = Debug|Any CPU
		{B449615A-C78E-48F6-AB6F-35CE73543098}.Release|Any CPU.ActiveCfg = Release|Any CPU
		{B449615A-C78E-48F6-AB6F-35CE73543098}.Release|Any CPU.Build.0 = Release|Any CPU
	EndGlobalSection
	GlobalSection(SolutionProperties) = preSolution
		HideSolutionNode = FALSE
	EndGlobalSection
	GlobalSection(ExtensibilityGlobals) = postSolution
		SolutionGuid = {FAD0CFB7-E3A8-414F-A61C-70E10F6FCFDB}
	EndGlobalSection
EndGlobal
